
Microsoft Visual Studio Solution File, Format Version 12.00
# Visual Studio 2013
VisualStudioVersion = 12.0.21005.1
MinimumVisualStudioVersion = 10.0.40219.1
Project("{2150E333-8FDC-42A3-9474-1A3956D46DE8}") = ".nuget", ".nuget", "{3661E1E8-F671-4264-92FB-7E40D6ACD033}"
	ProjectSection(SolutionItems) = preProject
		.nuget\NuGet.config = .nuget\NuGet.config
		.nuget\NuGet.exe = .nuget\NuGet.exe
		.nuget\NuGet.targets = .nuget\NuGet.targets
	EndProjectSection
EndProject
Project("{2150E333-8FDC-42A3-9474-1A3956D46DE8}") = "Solution Items", "Solution Items", "{EF51D74B-C877-4C51-BFE4-2E81448C7034}"
	ProjectSection(SolutionItems) = preProject
		.gitattributes = .gitattributes
		.gitignore = .gitignore
		Build.properties = Build.properties
		LICENSE = LICENSE
		README.md = README.md
		sonar-project.properties = sonar-project.properties
	EndProjectSection
EndProject
Project("{2150E333-8FDC-42A3-9474-1A3956D46DE8}") = "Source", "Source", "{C5733A53-B057-40F4-9726-FD6583EDFC66}"
EndProject
Project("{FAE04EC0-301F-11D3-BF4B-00C04F79EFBC}") = "OpenLib.BuildTasks", "Source\OpenLib.BuildTasks\OpenLib.BuildTasks.csproj", "{8561F252-ADA3-45DF-885E-B035641F3898}"
EndProject
Project("{2150E333-8FDC-42A3-9474-1A3956D46DE8}") = "Tests", "Tests", "{296D77F9-04DA-4964-8E37-6FB7305B1CF8}"
EndProject
Project("{FAE04EC0-301F-11D3-BF4B-00C04F79EFBC}") = "OpenLib.BuildTasks.Tests", "Tests\OpenLib.BuildTasks.Tests\OpenLib.BuildTasks.Tests.csproj", "{F0D3F466-AE77-443D-8401-7DE086CD47C7}"
EndProject
Global
	GlobalSection(SolutionConfigurationPlatforms) = preSolution
		Debug|Any CPU = Debug|Any CPU
		Release|Any CPU = Release|Any CPU
	EndGlobalSection
	GlobalSection(ProjectConfigurationPlatforms) = postSolution
		{8561F252-ADA3-45DF-885E-B035641F3898}.Debug|Any CPU.ActiveCfg = Debug|Any CPU
		{8561F252-ADA3-45DF-885E-B035641F3898}.Debug|Any CPU.Build.0 = Debug|Any CPU
		{8561F252-ADA3-45DF-885E-B035641F3898}.Release|Any CPU.ActiveCfg = Release|Any CPU
		{8561F252-ADA3-45DF-885E-B035641F3898}.Release|Any CPU.Build.0 = Release|Any CPU
		{F0D3F466-AE77-443D-8401-7DE086CD47C7}.Debug|Any CPU.ActiveCfg = Debug|Any CPU
		{F0D3F466-AE77-443D-8401-7DE086CD47C7}.Debug|Any CPU.Build.0 = Debug|Any CPU
		{F0D3F466-AE77-443D-8401-7DE086CD47C7}.Release|Any CPU.ActiveCfg = Release|Any CPU
		{F0D3F466-AE77-443D-8401-7DE086CD47C7}.Release|Any CPU.Build.0 = Release|Any CPU
	EndGlobalSection
	GlobalSection(SolutionProperties) = preSolution
		HideSolutionNode = FALSE
	EndGlobalSection
	GlobalSection(NestedProjects) = preSolution
		{8561F252-ADA3-45DF-885E-B035641F3898} = {C5733A53-B057-40F4-9726-FD6583EDFC66}
		{F0D3F466-AE77-443D-8401-7DE086CD47C7} = {296D77F9-04DA-4964-8E37-6FB7305B1CF8}
	EndGlobalSection
EndGlobal
